
Microsoft Visual Studio Solution File, Format Version 11.00
# Visual Studio 2010
Project("{FAE04EC0-301F-11D3-BF4B-00C04F79EFBC}") = "BlackDragon.TimeSheets.Mvc", "BlackDragon.TimeSheets.Mvc\BlackDragon.TimeSheets.Mvc.csproj", "{9287430F-CF84-405E-9914-51A6F3AC4953}"
EndProject
Project("{FAE04EC0-301F-11D3-BF4B-00C04F79EFBC}") = "BlackDragon.TimeSheets.Mvc.Tests", "BlackDragon.TimeSheets.Mvc.Tests\BlackDragon.TimeSheets.Mvc.Tests.csproj", "{7F45FD56-658D-4492-8A3F-ECFA06756996}"
EndProject
Project("{FAE04EC0-301F-11D3-BF4B-00C04F79EFBC}") = "BlackDragon.TimeSheets.Domain", "BlackDragon.TimeSheets.Domain\BlackDragon.TimeSheets.Domain.csproj", "{6C2B564A-44E6-4773-B56E-1DCD21A5C6B5}"
EndProject
Project("{FAE04EC0-301F-11D3-BF4B-00C04F79EFBC}") = "BlackDragon.TimeSheets.Dal", "BlackDragon.TimeSheets.Dal\BlackDragon.TimeSheets.Dal.csproj", "{CA84DEDE-CF6F-407C-B8A9-2BCD7CCD9C94}"
EndProject
Project("{FAE04EC0-301F-11D3-BF4B-00C04F79EFBC}") = "BlackDragon.TimeSheets.Dal.Tests", "BlackDragon.TimeSheets.Dal.Tests\BlackDragon.TimeSheets.Dal.Tests.csproj", "{3768BB4C-6082-4840-A327-68A824C95452}"
EndProject
Project("{2150E333-8FDC-42A3-9474-1A3956D46DE8}") = "Solution Items", "Solution Items", "{6DB75875-3923-445F-8844-D2DB7890E5EC}"
	ProjectSection(SolutionItems) = preProject
		BlackDragon.vsmdi = BlackDragon.vsmdi
		Local.testsettings = Local.testsettings
		TraceAndTestImpact.testsettings = TraceAndTestImpact.testsettings
	EndProjectSection
EndProject
Project("{2150E333-8FDC-42A3-9474-1A3956D46DE8}") = "Unit Tests", "Unit Tests", "{6EB2332F-97D0-45FE-973E-4E627EE52EEB}"
EndProject
Project("{2150E333-8FDC-42A3-9474-1A3956D46DE8}") = "Application", "Application", "{68C2F1CD-4461-48EF-8AA9-5FDCDAA1317B}"
EndProject
Project("{2150E333-8FDC-42A3-9474-1A3956D46DE8}") = "Presentation", "Presentation", "{6F90EAEA-9F91-41A3-A46F-531F8BE50BF4}"
EndProject
Project("{FAE04EC0-301F-11D3-BF4B-00C04F79EFBC}") = "BlackDragon.TimeSheets.Applications", "BlackDragon.TimeSheets.ApplicationServices\BlackDragon.TimeSheets.Applications.csproj", "{3FA20BB6-8601-4F91-94BE-38E99C8C228B}"
EndProject
Project("{FAE04EC0-301F-11D3-BF4B-00C04F79EFBC}") = "BlackDragon.Shared", "BlackDragon.Shared\BlackDragon.Shared.csproj", "{F2FBED6A-ABAB-48CB-8D46-D357B63A0071}"
EndProject
Project("{FAE04EC0-301F-11D3-BF4B-00C04F79EFBC}") = "BlackDragon.DalFramework", "BlackDragon.DalFramework\BlackDragon.DalFramework.csproj", "{490F7955-F575-48D1-9BCD-85139E6EBE45}"
EndProject
Project("{FAE04EC0-301F-11D3-BF4B-00C04F79EFBC}") = "BlackDragon.TimeSheets.Shared", "BlackDragon.TimeSheets.Shared\BlackDragon.TimeSheets.Shared.csproj", "{52789A9D-4040-48E6-A79C-34874DC7B2AF}"
EndProject
Project("{FAE04EC0-301F-11D3-BF4B-00C04F79EFBC}") = "BlackDragon.TimeSheets.Domain.Tests", "BlackDragon.TimeSheets.Domain.Tests\BlackDragon.TimeSheets.Domain.Tests.csproj", "{BAFFA395-B01F-4558-BD8B-3ED80AA03FA6}"
EndProject
Project("{FAE04EC0-301F-11D3-BF4B-00C04F79EFBC}") = "BlackDragon.TestFramework", "BlackDragon.TestFramework\BlackDragon.TestFramework.csproj", "{2ABAAED2-B5F2-42D1-AD36-9F3EF84AA0BB}"
EndProject
Global
	GlobalSection(TestCaseManagementSettings) = postSolution
		CategoryFile = BlackDragon.vsmdi
	EndGlobalSection
	GlobalSection(SolutionConfigurationPlatforms) = preSolution
		Debug|Any CPU = Debug|Any CPU
		Release|Any CPU = Release|Any CPU
	EndGlobalSection
	GlobalSection(ProjectConfigurationPlatforms) = postSolution
		{9287430F-CF84-405E-9914-51A6F3AC4953}.Debug|Any CPU.ActiveCfg = Debug|Any CPU
		{9287430F-CF84-405E-9914-51A6F3AC4953}.Debug|Any CPU.Build.0 = Debug|Any CPU
		{9287430F-CF84-405E-9914-51A6F3AC4953}.Release|Any CPU.ActiveCfg = Release|Any CPU
		{9287430F-CF84-405E-9914-51A6F3AC4953}.Release|Any CPU.Build.0 = Release|Any CPU
		{7F45FD56-658D-4492-8A3F-ECFA06756996}.Debug|Any CPU.ActiveCfg = Debug|Any CPU
		{7F45FD56-658D-4492-8A3F-ECFA06756996}.Debug|Any CPU.Build.0 = Debug|Any CPU
		{7F45FD56-658D-4492-8A3F-ECFA06756996}.Release|Any CPU.ActiveCfg = Release|Any CPU
		{7F45FD56-658D-4492-8A3F-ECFA06756996}.Release|Any CPU.Build.0 = Release|Any CPU
		{6C2B564A-44E6-4773-B56E-1DCD21A5C6B5}.Debug|Any CPU.ActiveCfg = Debug|Any CPU
		{6C2B564A-44E6-4773-B56E-1DCD21A5C6B5}.Debug|Any CPU.Build.0 = Debug|Any CPU
		{6C2B564A-44E6-4773-B56E-1DCD21A5C6B5}.Release|Any CPU.ActiveCfg = Release|Any CPU
		{6C2B564A-44E6-4773-B56E-1DCD21A5C6B5}.Release|Any CPU.Build.0 = Release|Any CPU
		{CA84DEDE-CF6F-407C-B8A9-2BCD7CCD9C94}.Debug|Any CPU.ActiveCfg = Debug|Any CPU
		{CA84DEDE-CF6F-407C-B8A9-2BCD7CCD9C94}.Debug|Any CPU.Build.0 = Debug|Any CPU
		{CA84DEDE-CF6F-407C-B8A9-2BCD7CCD9C94}.Release|Any CPU.ActiveCfg = Release|Any CPU
		{CA84DEDE-CF6F-407C-B8A9-2BCD7CCD9C94}.Release|Any CPU.Build.0 = Release|Any CPU
		{3768BB4C-6082-4840-A327-68A824C95452}.Debug|Any CPU.ActiveCfg = Debug|Any CPU
		{3768BB4C-6082-4840-A327-68A824C95452}.Debug|Any CPU.Build.0 = Debug|Any CPU
		{3768BB4C-6082-4840-A327-68A824C95452}.Release|Any CPU.ActiveCfg = Release|Any CPU
		{3768BB4C-6082-4840-A327-68A824C95452}.Release|Any CPU.Build.0 = Release|Any CPU
		{3FA20BB6-8601-4F91-94BE-38E99C8C228B}.Debug|Any CPU.ActiveCfg = Debug|Any CPU
		{3FA20BB6-8601-4F91-94BE-38E99C8C228B}.Debug|Any CPU.Build.0 = Debug|Any CPU
		{3FA20BB6-8601-4F91-94BE-38E99C8C228B}.Release|Any CPU.ActiveCfg = Release|Any CPU
		{3FA20BB6-8601-4F91-94BE-38E99C8C228B}.Release|Any CPU.Build.0 = Release|Any CPU
		{F2FBED6A-ABAB-48CB-8D46-D357B63A0071}.Debug|Any CPU.ActiveCfg = Debug|Any CPU
		{F2FBED6A-ABAB-48CB-8D46-D357B63A0071}.Debug|Any CPU.Build.0 = Debug|Any CPU
		{F2FBED6A-ABAB-48CB-8D46-D357B63A0071}.Release|Any CPU.ActiveCfg = Release|Any CPU
		{F2FBED6A-ABAB-48CB-8D46-D357B63A0071}.Release|Any CPU.Build.0 = Release|Any CPU
		{490F7955-F575-48D1-9BCD-85139E6EBE45}.Debug|Any CPU.ActiveCfg = Debug|Any CPU
		{490F7955-F575-48D1-9BCD-85139E6EBE45}.Debug|Any CPU.Build.0 = Debug|Any CPU
		{490F7955-F575-48D1-9BCD-85139E6EBE45}.Release|Any CPU.ActiveCfg = Release|Any CPU
		{490F7955-F575-48D1-9BCD-85139E6EBE45}.Release|Any CPU.Build.0 = Release|Any CPU
		{52789A9D-4040-48E6-A79C-34874DC7B2AF}.Debug|Any CPU.ActiveCfg = Debug|Any CPU
		{52789A9D-4040-48E6-A79C-34874DC7B2AF}.Debug|Any CPU.Build.0 = Debug|Any CPU
		{52789A9D-4040-48E6-A79C-34874DC7B2AF}.Release|Any CPU.ActiveCfg = Release|Any CPU
		{52789A9D-4040-48E6-A79C-34874DC7B2AF}.Release|Any CPU.Build.0 = Release|Any CPU
		{BAFFA395-B01F-4558-BD8B-3ED80AA03FA6}.Debug|Any CPU.ActiveCfg = Debug|Any CPU
		{BAFFA395-B01F-4558-BD8B-3ED80AA03FA6}.Debug|Any CPU.Build.0 = Debug|Any CPU
		{BAFFA395-B01F-4558-BD8B-3ED80AA03FA6}.Release|Any CPU.ActiveCfg = Release|Any CPU
		{BAFFA395-B01F-4558-BD8B-3ED80AA03FA6}.Release|Any CPU.Build.0 = Release|Any CPU
		{2ABAAED2-B5F2-42D1-AD36-9F3EF84AA0BB}.Debug|Any CPU.ActiveCfg = Debug|Any CPU
		{2ABAAED2-B5F2-42D1-AD36-9F3EF84AA0BB}.Debug|Any CPU.Build.0 = Debug|Any CPU
		{2ABAAED2-B5F2-42D1-AD36-9F3EF84AA0BB}.Release|Any CPU.ActiveCfg = Release|Any CPU
		{2ABAAED2-B5F2-42D1-AD36-9F3EF84AA0BB}.Release|Any CPU.Build.0 = Release|Any CPU
	EndGlobalSection
	GlobalSection(SolutionProperties) = preSolution
		HideSolutionNode = FALSE
	EndGlobalSection
	GlobalSection(NestedProjects) = preSolution
		{9287430F-CF84-405E-9914-51A6F3AC4953} = {6F90EAEA-9F91-41A3-A46F-531F8BE50BF4}
		{3768BB4C-6082-4840-A327-68A824C95452} = {6EB2332F-97D0-45FE-973E-4E627EE52EEB}
		{7F45FD56-658D-4492-8A3F-ECFA06756996} = {6EB2332F-97D0-45FE-973E-4E627EE52EEB}
		{BAFFA395-B01F-4558-BD8B-3ED80AA03FA6} = {6EB2332F-97D0-45FE-973E-4E627EE52EEB}
		{2ABAAED2-B5F2-42D1-AD36-9F3EF84AA0BB} = {6EB2332F-97D0-45FE-973E-4E627EE52EEB}
		{CA84DEDE-CF6F-407C-B8A9-2BCD7CCD9C94} = {68C2F1CD-4461-48EF-8AA9-5FDCDAA1317B}
		{6C2B564A-44E6-4773-B56E-1DCD21A5C6B5} = {68C2F1CD-4461-48EF-8AA9-5FDCDAA1317B}
		{3FA20BB6-8601-4F91-94BE-38E99C8C228B} = {68C2F1CD-4461-48EF-8AA9-5FDCDAA1317B}
		{F2FBED6A-ABAB-48CB-8D46-D357B63A0071} = {68C2F1CD-4461-48EF-8AA9-5FDCDAA1317B}
		{490F7955-F575-48D1-9BCD-85139E6EBE45} = {68C2F1CD-4461-48EF-8AA9-5FDCDAA1317B}
		{52789A9D-4040-48E6-A79C-34874DC7B2AF} = {68C2F1CD-4461-48EF-8AA9-5FDCDAA1317B}
	EndGlobalSection
EndGlobal
